PODS:
  - Alamofire (3.2.0)
  - AMapNavi (1.3.2)
  - AMapSearch (3.0.1)
  - Kingfisher (2.0.3)
  - KVNProgress (2.2.3)
  - MJRefresh (3.1.0)
  - pop (1.0.9)
  - PopMenu (2.4):
    - pop
    - XHRealTimeBlur
  - TencentOpenApiSDK/Basic (2.9.5)
  - WeiboSDK (3.1.3)
  - XHRealTimeBlur (1.7)

DEPENDENCIES:
  - Alamofire (~> 3.0)
  - AMapNavi (~> 1.3.2)
  - AMapSearch (~> 3.0.1)
  - Kingfisher (~> 2.0)
  - KVNProgress
  - MJRefresh
  - PopMenu
  - TencentOpenApiSDK/Basic
  - WeiboSDK (from `https://github.com/sinaweibosdk/weibo_ios_sdk.git`)

EXTERNAL SOURCES:
  WeiboSDK:
    :git: https://github.com/sinaweibosdk/weibo_ios_sdk.git

CHECKOUT OPTIONS:
  WeiboSDK:
    :commit: 73edfa5b97ab254983f0a349ab1c8d604452d009
    :git: https://github.com/sinaweibosdk/weibo_ios_sdk.git

SPEC CHECKSUMS:
  Alamofire: 4da478599fccddff361205c8929333d7fe18dceb
  AMapNavi: 01b4ec04204f36814bc3d320d7b548b98a3db5c5
  AMapSearch: 431b082417bd3da0c2fe594c4822b664607891e9
  Kingfisher: 44c1f1912f19371a67d701e67c96d6bb45ca1c8d
  KVNProgress: 099c2d0feca4fee4ae3dffee26378c7e2a04edcf
  MJRefresh: 743e6404967d1c2c688472ea3ecfde247d872db4
  pop: f667631a5108a2e60d9e8797c9b32ddaf2080bce
  PopMenu: 26b97baeaf250070f4f61b93727ca86d127d7bc5
  TencentOpenApiSDK: a0d7716edd6eb438d65828168e8e5137301b436d
  WeiboSDK: 5f2a707c4569a64f4641f4171acd712016f24342
  XHRealTimeBlur: 661fadd5691ba2d349758e8fd5fbdb499ac55f8c

COCOAPODS: 0.39.0
